
Microsoft Visual Studio Solution File, Format Version 12.00
# Visual Studio Version 16
VisualStudioVersion = 16.0.29905.134
MinimumVisualStudioVersion = 10.0.40219.1
Project("{FAE04EC0-301F-11D3-BF4B-00C04F79EFBC}") = "Battleships", "Battleships\Battleships.csproj", "{03BF183C-DAAD-4223-B561-E6503692A73F}"
EndProject
Project("{FAE04EC0-301F-11D3-BF4B-00C04F79EFBC}") = "Battleships.Tests", "Battleships.Tests\Battleships.Tests.csproj", "{E6862DAD-A9F8-4B94-BFB5-FF0A4B9869FA}"
EndProject
Global
	GlobalSection(SolutionConfigurationPlatforms) = preSolution
		Debug|Any CPU = Debug|Any CPU
		Release|Any CPU = Release|Any CPU
	EndGlobalSection
	GlobalSection(ProjectConfigurationPlatforms) = postSolution
		{03BF183C-DAAD-4223-B561-E6503692A73F}.Debug|Any CPU.ActiveCfg = Debug|Any CPU
		{03BF183C-DAAD-4223-B561-E6503692A73F}.Debug|Any CPU.Build.0 = Debug|Any CPU
		{03BF183C-DAAD-4223-B561-E6503692A73F}.Release|Any CPU.ActiveCfg = Release|Any CPU
		{03BF183C-DAAD-4223-B561-E6503692A73F}.Release|Any CPU.Build.0 = Release|Any CPU
		{E6862DAD-A9F8-4B94-BFB5-FF0A4B9869FA}.Debug|Any CPU.ActiveCfg = Debug|Any CPU
		{E6862DAD-A9F8-4B94-BFB5-FF0A4B9869FA}.Debug|Any CPU.Build.0 = Debug|Any CPU
		{E6862DAD-A9F8-4B94-BFB5-FF0A4B9869FA}.Release|Any CPU.ActiveCfg = Release|Any CPU
		{E6862DAD-A9F8-4B94-BFB5-FF0A4B9869FA}.Release|Any CPU.Build.0 = Release|Any CPU
	EndGlobalSection
	GlobalSection(SolutionProperties) = preSolution
		HideSolutionNode = FALSE
	EndGlobalSection
	GlobalSection(ExtensibilityGlobals) = postSolution
		SolutionGuid = {16EB52CB-C8F4-4CA4-B9B7-8F48F9E18A61}
	EndGlobalSection
EndGlobal
